
Microsoft Visual Studio Solution File, Format Version 12.00
# Visual Studio 15
VisualStudioVersion = 15.0.28307.168
MinimumVisualStudioVersion = 10.0.40219.1
Project("{FAE04EC0-301F-11D3-BF4B-00C04F79EFBC}") = "NLogHelper", "NLogHelper\NLogHelper.csproj", "{53E4E36B-0F39-4C42-AB7B-6EF01E34D880}"
EndProject
Project("{FAE04EC0-301F-11D3-BF4B-00C04F79EFBC}") = "BaseHelper", "..\BaseHelper\BaseHelper\BaseHelper.csproj", "{C2632E4D-E8FA-4BD8-BF85-2601C9F65AE0}"
EndProject
Global
	GlobalSection(SolutionConfigurationPlatforms) = preSolution
		Debug|Any CPU = Debug|Any CPU
		Release|Any CPU = Release|Any CPU
	EndGlobalSection
	GlobalSection(ProjectConfigurationPlatforms) = postSolution
		{53E4E36B-0F39-4C42-AB7B-6EF01E34D880}.Debug|Any CPU.ActiveCfg = Debug|Any CPU
		{53E4E36B-0F39-4C42-AB7B-6EF01E34D880}.Debug|Any CPU.Build.0 = Debug|Any CPU
		{53E4E36B-0F39-4C42-AB7B-6EF01E34D880}.Release|Any CPU.ActiveCfg = Release|Any CPU
		{53E4E36B-0F39-4C42-AB7B-6EF01E34D880}.Release|Any CPU.Build.0 = Release|Any CPU
		{C2632E4D-E8FA-4BD8-BF85-2601C9F65AE0}.Debug|Any CPU.ActiveCfg = Debug|Any CPU
		{C2632E4D-E8FA-4BD8-BF85-2601C9F65AE0}.Debug|Any CPU.Build.0 = Debug|Any CPU
		{C2632E4D-E8FA-4BD8-BF85-2601C9F65AE0}.Release|Any CPU.ActiveCfg = Release|Any CPU
		{C2632E4D-E8FA-4BD8-BF85-2601C9F65AE0}.Release|Any CPU.Build.0 = Release|Any CPU
	EndGlobalSection
	GlobalSection(SolutionProperties) = preSolution
		HideSolutionNode = FALSE
	EndGlobalSection
	GlobalSection(ExtensibilityGlobals) = postSolution
		SolutionGuid = {0B897659-442B-4660-BFAF-853FED231F01}
	EndGlobalSection
EndGlobal
